
Microsoft Visual Studio Solution File, Format Version 12.00
# Visual Studio 14
VisualStudioVersion = 14.0.25420.1
MinimumVisualStudioVersion = 10.0.40219.1
Project("{FAE04EC0-301F-11D3-BF4B-00C04F79EFBC}") = "LayuiDemo", "LayuiDemo\LayuiDemo.csproj", "{61BC36E0-4D83-484B-BB3A-88A20C7F8DD1}"
EndProject
Project("{FAE04EC0-301F-11D3-BF4B-00C04F79EFBC}") = "VueDemo", "VueDemo\VueDemo.csproj", "{66EA8613-5074-4E42-B558-50D5B3EDE009}"
EndProject
Global
	GlobalSection(SubversionScc) = preSolution
		Svn-Managed = True
		Manager = AnkhSVN - Subversion Support for Visual Studio
	EndGlobalSection
	GlobalSection(SolutionConfigurationPlatforms) = preSolution
		Debug|Any CPU = Debug|Any CPU
		Release|Any CPU = Release|Any CPU
	EndGlobalSection
	GlobalSection(ProjectConfigurationPlatforms) = postSolution
		{61BC36E0-4D83-484B-BB3A-88A20C7F8DD1}.Debug|Any CPU.ActiveCfg = Debug|Any CPU
		{61BC36E0-4D83-484B-BB3A-88A20C7F8DD1}.Debug|Any CPU.Build.0 = Debug|Any CPU
		{61BC36E0-4D83-484B-BB3A-88A20C7F8DD1}.Release|Any CPU.ActiveCfg = Release|Any CPU
		{61BC36E0-4D83-484B-BB3A-88A20C7F8DD1}.Release|Any CPU.Build.0 = Release|Any CPU
		{66EA8613-5074-4E42-B558-50D5B3EDE009}.Debug|Any CPU.ActiveCfg = Debug|Any CPU
		{66EA8613-5074-4E42-B558-50D5B3EDE009}.Debug|Any CPU.Build.0 = Debug|Any CPU
		{66EA8613-5074-4E42-B558-50D5B3EDE009}.Release|Any CPU.ActiveCfg = Release|Any CPU
		{66EA8613-5074-4E42-B558-50D5B3EDE009}.Release|Any CPU.Build.0 = Release|Any CPU
	EndGlobalSection
	GlobalSection(SolutionProperties) = preSolution
		HideSolutionNode = FALSE
	EndGlobalSection
EndGlobal
